<?xml version="1.0" encoding="utf-8"?>
<Project ToolsVersion="4.0" xmlns="http://schemas.microsoft.com/developer/msbuild/2003">
  <ItemGroup>
    <Filter Include="1.MyString">
      <UniqueIdentifier>{afc6b8e3-53d1-4ccc-abb8-afe7fa145021}</UniqueIdentifier>
    </Filter>
    <Filter Include="2.SingleTon">
      <UniqueIdentifier>{d93e9cfb-51b5-483a-86f5-3ea06106cf83}</UniqueIdentifier>
    </Filter>
    <Filter Include="3.FindNumber">
      <UniqueIdentifier>{e7566ffb-eb00-448b-8b34-4665c7697e65}</UniqueIdentifier>
    </Filter>
    <Filter Include="4.SpaceTo%2520">
      <UniqueIdentifier>{d5a23cbf-cf0a-46d9-8d6b-8b664ea419f6}</UniqueIdentifier>
    </Filter>
    <Filter Include="5.PrintListFromTail">
      <UniqueIdentifier>{8069a430-85a8-4f98-9436-5b37f4be8dae}</UniqueIdentifier>
    </Filter>
    <Filter Include="6.ReBuildBinaryTree">
      <UniqueIdentifier>{6b75a212-c943-4a86-99ce-f5f9cd8f7f81}</UniqueIdentifier>
    </Filter>
    <Filter Include="7.TwoStackToQueue">
      <UniqueIdentifier>{fe6baa41-3974-4017-879d-fd146593f5c3}</UniqueIdentifier>
    </Filter>
    <Filter Include="8.FindMinFromArr">
      <UniqueIdentifier>{870e153b-a9ef-450b-8f63-5662c2d49edc}</UniqueIdentifier>
    </Filter>
    <Filter Include="9.Fibonacci">
      <UniqueIdentifier>{cb7a0789-9ebc-41ae-bb52-0b48f1ba3449}</UniqueIdentifier>
    </Filter>
    <Filter Include="11.DoublePower">
      <UniqueIdentifier>{70e66369-a202-4c0d-b42e-96f932e61443}</UniqueIdentifier>
    </Filter>
    <Filter Include="10.CountNumberOf1">
      <UniqueIdentifier>{36d9ab80-f5ac-4df0-b747-2588b23e282c}</UniqueIdentifier>
    </Filter>
    <Filter Include="12.PrintNNumber">
      <UniqueIdentifier>{2ceab9da-0952-4e72-887a-12461ef5eea3}</UniqueIdentifier>
    </Filter>
    <Filter Include="13.DeleteNodeO1">
      <UniqueIdentifier>{d7de0dda-af00-45a8-8792-0d248ce743c8}</UniqueIdentifier>
    </Filter>
  </ItemGroup>
  <ItemGroup>
    <ClCompile Include="MyString.cpp">
      <Filter>1.MyString</Filter>
    </ClCompile>
    <ClCompile Include="again.cpp">
      <Filter>1.MyString</Filter>
    </ClCompile>
    <ClCompile Include="SingleTon.cpp">
      <Filter>2.SingleTon</Filter>
    </ClCompile>
    <ClCompile Include="FindNumber.cpp">
      <Filter>3.FindNumber</Filter>
    </ClCompile>
    <ClCompile Include="SpaceToOther.cpp">
      <Filter>4.SpaceTo%2520</Filter>
    </ClCompile>
    <ClCompile Include="PrintListFromTail.cpp">
      <Filter>5.PrintListFromTail</Filter>
    </ClCompile>
    <ClCompile Include="ReBuildBinaryTree.cpp">
      <Filter>6.ReBuildBinaryTree</Filter>
    </ClCompile>
    <ClCompile Include="ReBuildBinaryTreeAgain.cpp">
      <Filter>6.ReBuildBinaryTree</Filter>
    </ClCompile>
    <ClCompile Include="BinaryTreeNode.cpp">
      <Filter>6.ReBuildBinaryTree</Filter>
    </ClCompile>
    <ClCompile Include="TwoStackToQueue.cpp">
      <Filter>7.TwoStackToQueue</Filter>
    </ClCompile>
    <ClCompile Include="FindMinFromArr.cpp">
      <Filter>8.FindMinFromArr</Filter>
    </ClCompile>
    <ClCompile Include="Fibonacci.cpp">
      <Filter>9.Fibonacci</Filter>
    </ClCompile>
    <ClCompile Include="CountNumberOf1.cpp">
      <Filter>10.CountNumberOf1</Filter>
    </ClCompile>
    <ClCompile Include="DoublePower.cpp">
      <Filter>11.DoublePower</Filter>
    </ClCompile>
    <ClCompile Include="PrintNnumber.cpp">
      <Filter>12.PrintNNumber</Filter>
    </ClCompile>
    <ClCompile Include="AnotherWayToPrintNumber.cpp">
      <Filter>12.PrintNNumber</Filter>
    </ClCompile>
    <ClCompile Include="DeleteNodeO1.cpp">
      <Filter>13.DeleteNodeO1</Filter>
    </ClCompile>
  </ItemGroup>
  <ItemGroup>
    <ClInclude Include="Lock.h">
      <Filter>2.SingleTon</Filter>
    </ClInclude>
  </ItemGroup>
</Project>